// !$*UTF8*$!
{
	archiveVersion = 1;
	classes = {
	};
	objectVersion = 48;
	objects = {

/* Begin PBXBuildFile section */
		FA047A751F7D461F00822F35 /* AppDelegate.swift in Sources */ = {isa = PBXBuildFile; fileRef = FA047A741F7D461F00822F35 /* AppDelegate.swift */; };
		FA047A771F7D461F00822F35 /* ViewController.swift in Sources */ = {isa = PBXBuildFile; fileRef = FA047A761F7D461F00822F35 /* ViewController.swift */; };
		FA047A7A1F7D461F00822F35 /* Main.storyboard in Resources */ = {isa = PBXBuildFile; fileRef = FA047A781F7D461F00822F35 /* Main.storyboard */; };
		FA047A7F1F7D461F00822F35 /* LaunchScreen.storyboard in Resources */ = {isa = PBXBuildFile; fileRef = FA047A7D1F7D461F00822F35 /* LaunchScreen.storyboard */; };
		FA0A292B1F7D433B00F04150 /* TimingController.swift in Sources */ = {isa = PBXBuildFile; fileRef = FA0A292A1F7D433B00F04150 /* TimingController.swift */; };
		FA3DC81A1F84D00A00B3AD1B /* UIKitUtil.swift in Sources */ = {isa = PBXBuildFile; fileRef = FA3DC8191F84D00A00B3AD1B /* UIKitUtil.swift */; };
		FA3DC81B1F84D00A00B3AD1B /* UIKitUtil.swift in Sources */ = {isa = PBXBuildFile; fileRef = FA3DC8191F84D00A00B3AD1B /* UIKitUtil.swift */; };
		FA64C3A71F7F272600E74D0B /* JASON.framework in Frameworks */ = {isa = PBXBuildFile; fileRef = FA64C3A41F7F270300E74D0B /* JASON.framework */; };
		FA64C3A81F7F272600E74D0B /* SQLite.framework in Frameworks */ = {isa = PBXBuildFile; fileRef = FA64C3A21F7F270200E74D0B /* SQLite.framework */; };
		FA64C3AA1F7F276B00E74D0B /* Alamofire.framework in Frameworks */ = {isa = PBXBuildFile; fileRef = FA64C3A31F7F270300E74D0B /* Alamofire.framework */; };
		FA64C3AB1F7F276B00E74D0B /* Alamofire.framework in Embed Frameworks */ = {isa = PBXBuildFile; fileRef = FA64C3A31F7F270300E74D0B /* Alamofire.framework */; settings = {ATTRIBUTES = (CodeSignOnCopy, RemoveHeadersOnCopy, ); }; };
		FA64C3AD1F7F276B00E74D0B /* JASON.framework in Embed Frameworks */ = {isa = PBXBuildFile; fileRef = FA64C3A41F7F270300E74D0B /* JASON.framework */; settings = {ATTRIBUTES = (CodeSignOnCopy, RemoveHeadersOnCopy, ); }; };
		FA64C3AF1F7F276B00E74D0B /* SQLite.framework in Embed Frameworks */ = {isa = PBXBuildFile; fileRef = FA64C3A21F7F270200E74D0B /* SQLite.framework */; settings = {ATTRIBUTES = (CodeSignOnCopy, RemoveHeadersOnCopy, ); }; };
		FA64C3B01F7F276B00E74D0B /* SwiftyDropbox.framework in Frameworks */ = {isa = PBXBuildFile; fileRef = FA64C3A51F7F270300E74D0B /* SwiftyDropbox.framework */; };
		FA64C3B11F7F276B00E74D0B /* SwiftyDropbox.framework in Embed Frameworks */ = {isa = PBXBuildFile; fileRef = FA64C3A51F7F270300E74D0B /* SwiftyDropbox.framework */; settings = {ATTRIBUTES = (CodeSignOnCopy, RemoveHeadersOnCopy, ); }; };
		FA64C3B81F7F27E100E74D0B /* Alamofire.framework in Frameworks */ = {isa = PBXBuildFile; fileRef = FA64C3B51F7F27D900E74D0B /* Alamofire.framework */; };
		FA64C3B91F7F27E100E74D0B /* Alamofire.framework in Embed Frameworks */ = {isa = PBXBuildFile; fileRef = FA64C3B51F7F27D900E74D0B /* Alamofire.framework */; settings = {ATTRIBUTES = (CodeSignOnCopy, RemoveHeadersOnCopy, ); }; };
		FA64C3BA1F7F27E100E74D0B /* JASON.framework in Frameworks */ = {isa = PBXBuildFile; fileRef = FA64C3B61F7F27DA00E74D0B /* JASON.framework */; };
		FA64C3BB1F7F27E100E74D0B /* JASON.framework in Embed Frameworks */ = {isa = PBXBuildFile; fileRef = FA64C3B61F7F27DA00E74D0B /* JASON.framework */; settings = {ATTRIBUTES = (CodeSignOnCopy, RemoveHeadersOnCopy, ); }; };
		FA64C3BC1F7F27E100E74D0B /* SQLite.framework in Frameworks */ = {isa = PBXBuildFile; fileRef = FA64C3B71F7F27DA00E74D0B /* SQLite.framework */; };
		FA64C3BD1F7F27E100E74D0B /* SQLite.framework in Embed Frameworks */ = {isa = PBXBuildFile; fileRef = FA64C3B71F7F27DA00E74D0B /* SQLite.framework */; settings = {ATTRIBUTES = (CodeSignOnCopy, RemoveHeadersOnCopy, ); }; };
		FA64C3BE1F7F27E100E74D0B /* SwiftyDropbox.framework in Frameworks */ = {isa = PBXBuildFile; fileRef = FA64C3B41F7F27D900E74D0B /* SwiftyDropbox.framework */; };
		FA64C3BF1F7F27E100E74D0B /* SwiftyDropbox.framework in Embed Frameworks */ = {isa = PBXBuildFile; fileRef = FA64C3B41F7F27D900E74D0B /* SwiftyDropbox.framework */; settings = {ATTRIBUTES = (CodeSignOnCopy, RemoveHeadersOnCopy, ); }; };
		FA64C3C51F7F29BB00E74D0B /* UUIDManager.swift in Sources */ = {isa = PBXBuildFile; fileRef = FA64C3C41F7F29BB00E74D0B /* UUIDManager.swift */; };
		FA64C3C61F7F29BB00E74D0B /* UUIDManager.swift in Sources */ = {isa = PBXBuildFile; fileRef = FA64C3C41F7F29BB00E74D0B /* UUIDManager.swift */; };
		FA6E77F51F7B88B800880181 /* twstopwatch.sqlite3 in Resources */ = {isa = PBXBuildFile; fileRef = FAC353BA1F7A9AD400F8703B /* twstopwatch.sqlite3 */; };
		FA8A14641F77DDBD00C11EEE /* AppDelegate.swift in Sources */ = {isa = PBXBuildFile; fileRef = FA8A14631F77DDBD00C11EEE /* AppDelegate.swift */; };
		FA8A14661F77DDBD00C11EEE /* ViewController.swift in Sources */ = {isa = PBXBuildFile; fileRef = FA8A14651F77DDBD00C11EEE /* ViewController.swift */; };
		FA8A146B1F77DDBD00C11EEE /* Assets.xcassets in Resources */ = {isa = PBXBuildFile; fileRef = FA8A146A1F77DDBD00C11EEE /* Assets.xcassets */; };
		FA8A146E1F77DDBD00C11EEE /* Main.storyboard in Resources */ = {isa = PBXBuildFile; fileRef = FA8A146C1F77DDBD00C11EEE /* Main.storyboard */; };
		FAC353BC1F7A9B0D00F8703B /* DataManager.swift in Sources */ = {isa = PBXBuildFile; fileRef = FAC353BB1F7A9B0D00F8703B /* DataManager.swift */; };
		FAEB4B4F1F7F25CF002FCD4A /* TimingController.swift in Sources */ = {isa = PBXBuildFile; fileRef = FA0A292A1F7D433B00F04150 /* TimingController.swift */; };
		FAEB4B501F7F25D2002FCD4A /* DataManager.swift in Sources */ = {isa = PBXBuildFile; fileRef = FAC353BB1F7A9B0D00F8703B /* DataManager.swift */; };
		FAEB4B511F7F25D6002FCD4A /* Assets.xcassets in Resources */ = {isa = PBXBuildFile; fileRef = FA8A146A1F77DDBD00C11EEE /* Assets.xcassets */; };
		FAEB4B521F7F25D9002FCD4A /* twstopwatch.sqlite3 in Resources */ = {isa = PBXBuildFile; fileRef = FAC353BA1F7A9AD400F8703B /* twstopwatch.sqlite3 */; };
/* End PBXBuildFile section */

/* Begin PBXCopyFilesBuildPhase section */
		FA64C3C01F7F27E100E74D0B /* Embed Frameworks */ = {
			isa = PBXCopyFilesBuildPhase;
			buildActionMask = 2147483647;
			dstPath = "";
			dstSubfolderSpec = 10;
			files = (
				FA64C3BB1F7F27E100E74D0B /* JASON.framework in Embed Frameworks */,
				FA64C3B91F7F27E100E74D0B /* Alamofire.framework in Embed Frameworks */,
				FA64C3BD1F7F27E100E74D0B /* SQLite.framework in Embed Frameworks */,
				FA64C3BF1F7F27E100E74D0B /* SwiftyDropbox.framework in Embed Frameworks */,
			);
			name = "Embed Frameworks";
			runOnlyForDeploymentPostprocessing = 0;
		};
		FAC353C01F7B22CA00F8703B /* Embed Frameworks */ = {
			isa = PBXCopyFilesBuildPhase;
			buildActionMask = 2147483647;
			dstPath = "";
			dstSubfolderSpec = 10;
			files = (
				FA64C3AD1F7F276B00E74D0B /* JASON.framework in Embed Frameworks */,
				FA64C3AB1F7F276B00E74D0B /* Alamofire.framework in Embed Frameworks */,
				FA64C3AF1F7F276B00E74D0B /* SQLite.framework in Embed Frameworks */,
				FA64C3B11F7F276B00E74D0B /* SwiftyDropbox.framework in Embed Frameworks */,
			);
			name = "Embed Frameworks";
			runOnlyForDeploymentPostprocessing = 0;
		};
/* End PBXCopyFilesBuildPhase section */

/* Begin PBXFileReference section */
		FA047A721F7D461F00822F35 /* TwoWayStopwatch iOS.app */ = {isa = PBXFileReference; explicitFileType = wrapper.application; includeInIndex = 0; path = "TwoWayStopwatch iOS.app"; sourceTree = BUILT_PRODUCTS_DIR; };
		FA047A741F7D461F00822F35 /* AppDelegate.swift */ = {isa = PBXFileReference; lastKnownFileType = sourcecode.swift; path = AppDelegate.swift; sourceTree = "<group>"; };
		FA047A761F7D461F00822F35 /* ViewController.swift */ = {isa = PBXFileReference; lastKnownFileType = sourcecode.swift; path = ViewController.swift; sourceTree = "<group>"; };
		FA047A791F7D461F00822F35 /* Base */ = {isa = PBXFileReference; lastKnownFileType = file.storyboard; name = Base; path = Base.lproj/Main.storyboard; sourceTree = "<group>"; };
		FA047A7E1F7D461F00822F35 /* Base */ = {isa = PBXFileReference; lastKnownFileType = file.storyboard; name = Base; path = Base.lproj/LaunchScreen.storyboard; sourceTree = "<group>"; };
		FA047A801F7D461F00822F35 /* Info.plist */ = {isa = PBXFileReference; lastKnownFileType = text.plist.xml; path = Info.plist; sourceTree = "<group>"; };
		FA0A292A1F7D433B00F04150 /* TimingController.swift */ = {isa = PBXFileReference; lastKnownFileType = sourcecode.swift; path = TimingController.swift; sourceTree = "<group>"; };
		FA3DC8191F84D00A00B3AD1B /* UIKitUtil.swift */ = {isa = PBXFileReference; lastKnownFileType = sourcecode.swift; path = UIKitUtil.swift; sourceTree = "<group>"; };
		FA64C3A21F7F270200E74D0B /* SQLite.framework */ = {isa = PBXFileReference; lastKnownFileType = wrapper.framework; name = SQLite.framework; path = Carthage/Build/Mac/SQLite.framework; sourceTree = "<group>"; };
		FA64C3A31F7F270300E74D0B /* Alamofire.framework */ = {isa = PBXFileReference; lastKnownFileType = wrapper.framework; name = Alamofire.framework; path = Carthage/Build/Mac/Alamofire.framework; sourceTree = "<group>"; };
		FA64C3A41F7F270300E74D0B /* JASON.framework */ = {isa = PBXFileReference; lastKnownFileType = wrapper.framework; name = JASON.framework; path = Carthage/Build/Mac/JASON.framework; sourceTree = "<group>"; };
		FA64C3A51F7F270300E74D0B /* SwiftyDropbox.framework */ = {isa = PBXFileReference; lastKnownFileType = wrapper.framework; name = SwiftyDropbox.framework; path = Carthage/Build/Mac/SwiftyDropbox.framework; sourceTree = "<group>"; };
		FA64C3B41F7F27D900E74D0B /* SwiftyDropbox.framework */ = {isa = PBXFileReference; lastKnownFileType = wrapper.framework; name = SwiftyDropbox.framework; path = Carthage/Build/iOS/SwiftyDropbox.framework; sourceTree = "<group>"; };
		FA64C3B51F7F27D900E74D0B /* Alamofire.framework */ = {isa = PBXFileReference; lastKnownFileType = wrapper.framework; name = Alamofire.framework; path = Carthage/Build/iOS/Alamofire.framework; sourceTree = "<group>"; };
		FA64C3B61F7F27DA00E74D0B /* JASON.framework */ = {isa = PBXFileReference; lastKnownFileType = wrapper.framework; name = JASON.framework; path = Carthage/Build/iOS/JASON.framework; sourceTree = "<group>"; };
		FA64C3B71F7F27DA00E74D0B /* SQLite.framework */ = {isa = PBXFileReference; lastKnownFileType = wrapper.framework; name = SQLite.framework; path = Carthage/Build/iOS/SQLite.framework; sourceTree = "<group>"; };
		FA64C3C41F7F29BB00E74D0B /* UUIDManager.swift */ = {isa = PBXFileReference; lastKnownFileType = sourcecode.swift; path = UUIDManager.swift; sourceTree = "<group>"; };
		FA8A14601F77DDBD00C11EEE /* Two Way Stopwatch.app */ = {isa = PBXFileReference; explicitFileType = wrapper.application; includeInIndex = 0; path = "Two Way Stopwatch.app"; sourceTree = BUILT_PRODUCTS_DIR; };
		FA8A14631F77DDBD00C11EEE /* AppDelegate.swift */ = {isa = PBXFileReference; lastKnownFileType = sourcecode.swift; path = AppDelegate.swift; sourceTree = "<group>"; };
		FA8A14651F77DDBD00C11EEE /* ViewController.swift */ = {isa = PBXFileReference; lastKnownFileType = sourcecode.swift; path = ViewController.swift; sourceTree = "<group>"; };
		FA8A146A1F77DDBD00C11EEE /* Assets.xcassets */ = {isa = PBXFileReference; lastKnownFileType = folder.assetcatalog; path = Assets.xcassets; sourceTree = "<group>"; };
		FA8A146D1F77DDBD00C11EEE /* Base */ = {isa = PBXFileReference; lastKnownFileType = file.storyboard; name = Base; path = Base.lproj/Main.storyboard; sourceTree = "<group>"; };
		FA8A146F1F77DDBD00C11EEE /* Info.plist */ = {isa = PBXFileReference; lastKnownFileType = text.plist.xml; path = Info.plist; sourceTree = "<group>"; };
		FAC353BA1F7A9AD400F8703B /* twstopwatch.sqlite3 */ = {isa = PBXFileReference; lastKnownFileType = file; path = twstopwatch.sqlite3; sourceTree = "<group>"; };
		FAC353BB1F7A9B0D00F8703B /* DataManager.swift */ = {isa = PBXFileReference; lastKnownFileType = sourcecode.swift; path = DataManager.swift; sourceTree = "<group>"; };
		FAEB4B4E1F7F1D93002FCD4A /* TwoWayStopwatch Mac.entitlements */ = {isa = PBXFileReference; lastKnownFileType = text.plist.entitlements; path = "TwoWayStopwatch Mac.entitlements"; sourceTree = "<group>"; };
/* End PBXFileReference section */

/* Begin PBXFrameworksBuildPhase section */
		FA047A6F1F7D461F00822F35 /* Frameworks */ = {
			isa = PBXFrameworksBuildPhase;
			buildActionMask = 2147483647;
			files = (
				FA64C3BA1F7F27E100E74D0B /* JASON.framework in Frameworks */,
				FA64C3B81F7F27E100E74D0B /* Alamofire.framework in Frameworks */,
				FA64C3BC1F7F27E100E74D0B /* SQLite.framework in Frameworks */,
				FA64C3BE1F7F27E100E74D0B /* SwiftyDropbox.framework in Frameworks */,
			);
			runOnlyForDeploymentPostprocessing = 0;
		};
		FA8A145D1F77DDBD00C11EEE /* Frameworks */ = {
			isa = PBXFrameworksBuildPhase;
			buildActionMask = 2147483647;
			files = (
				FA64C3A71F7F272600E74D0B /* JASON.framework in Frameworks */,
				FA64C3A81F7F272600E74D0B /* SQLite.framework in Frameworks */,
				FA64C3AA1F7F276B00E74D0B /* Alamofire.framework in Frameworks */,
				FA64C3B01F7F276B00E74D0B /* SwiftyDropbox.framework in Frameworks */,
			);
			runOnlyForDeploymentPostprocessing = 0;
		};
/* End PBXFrameworksBuildPhase section */

/* Begin PBXGroup section */
		FA047A731F7D461F00822F35 /* Stopwatch-iOS */ = {
			isa = PBXGroup;
			children = (
				FA047A741F7D461F00822F35 /* AppDelegate.swift */,
				FA047A761F7D461F00822F35 /* ViewController.swift */,
				FA047A781F7D461F00822F35 /* Main.storyboard */,
				FA047A7D1F7D461F00822F35 /* LaunchScreen.storyboard */,
				FA047A801F7D461F00822F35 /* Info.plist */,
			);
			path = "Stopwatch-iOS";
			sourceTree = "<group>";
		};
		FA047A841F7D46A500822F35 /* StopWatch-macOS */ = {
			isa = PBXGroup;
			children = (
				FA8A14631F77DDBD00C11EEE /* AppDelegate.swift */,
				FA8A14651F77DDBD00C11EEE /* ViewController.swift */,
				FA8A146C1F77DDBD00C11EEE /* Main.storyboard */,
				FA8A146F1F77DDBD00C11EEE /* Info.plist */,
			);
			path = "StopWatch-macOS";
			sourceTree = "<group>";
		};
		FA597E7C1F7C9D020057BD8C /* Frameworks */ = {
			isa = PBXGroup;
			children = (
				FA64C3B31F7F27B700E74D0B /* macOS */,
				FA64C3B21F7F27B100E74D0B /* iOS */,
			);
			name = Frameworks;
			sourceTree = "<group>";
		};
		FA64C3B21F7F27B100E74D0B /* iOS */ = {
			isa = PBXGroup;
			children = (
				FA64C3B51F7F27D900E74D0B /* Alamofire.framework */,
				FA64C3B61F7F27DA00E74D0B /* JASON.framework */,
				FA64C3B71F7F27DA00E74D0B /* SQLite.framework */,
				FA64C3B41F7F27D900E74D0B /* SwiftyDropbox.framework */,
			);
			name = iOS;
			sourceTree = "<group>";
		};
		FA64C3B31F7F27B700E74D0B /* macOS */ = {
			isa = PBXGroup;
			children = (
				FA64C3A31F7F270300E74D0B /* Alamofire.framework */,
				FA64C3A41F7F270300E74D0B /* JASON.framework */,
				FA64C3A21F7F270200E74D0B /* SQLite.framework */,
				FA64C3A51F7F270300E74D0B /* SwiftyDropbox.framework */,
			);
			name = macOS;
			sourceTree = "<group>";
		};
		FA8A14571F77DDBD00C11EEE = {
			isa = PBXGroup;
			children = (
				FAEB4B4E1F7F1D93002FCD4A /* TwoWayStopwatch Mac.entitlements */,
				FA8A14621F77DDBD00C11EEE /* Stopwatch */,
				FA047A841F7D46A500822F35 /* StopWatch-macOS */,
				FA047A731F7D461F00822F35 /* Stopwatch-iOS */,
				FA8A14611F77DDBD00C11EEE /* Products */,
				FA597E7C1F7C9D020057BD8C /* Frameworks */,
			);
			sourceTree = "<group>";
		};
		FA8A14611F77DDBD00C11EEE /* Products */ = {
			isa = PBXGroup;
			children = (
				FA8A14601F77DDBD00C11EEE /* Two Way Stopwatch.app */,
				FA047A721F7D461F00822F35 /* TwoWayStopwatch iOS.app */,
			);
			name = Products;
			sourceTree = "<group>";
		};
		FA8A14621F77DDBD00C11EEE /* Stopwatch */ = {
			isa = PBXGroup;
			children = (
				FA3DC8191F84D00A00B3AD1B /* UIKitUtil.swift */,
				FA64C3C41F7F29BB00E74D0B /* UUIDManager.swift */,
				FA0A292A1F7D433B00F04150 /* TimingController.swift */,
				FAC353BB1F7A9B0D00F8703B /* DataManager.swift */,
				FA8A146A1F77DDBD00C11EEE /* Assets.xcassets */,
				FAC353BA1F7A9AD400F8703B /* twstopwatch.sqlite3 */,
			);
			path = Stopwatch;
			sourceTree = "<group>";
		};
/* End PBXGroup section */

/* Begin PBXNativeTarget section */
		FA047A711F7D461F00822F35 /* TwoWayStopwatch iOS */ = {
			isa = PBXNativeTarget;
			buildConfigurationList = FA047A811F7D461F00822F35 /* Build configuration list for PBXNativeTarget "TwoWayStopwatch iOS" */;
			buildPhases = (
				FA047A6E1F7D461F00822F35 /* Sources */,
				FA047A6F1F7D461F00822F35 /* Frameworks */,
				FA047A701F7D461F00822F35 /* Resources */,
				FA64C3C01F7F27E100E74D0B /* Embed Frameworks */,
			);
			buildRules = (
			);
			dependencies = (
			);
			name = "TwoWayStopwatch iOS";
			productName = "TwoWayStopwatch iOS";
			productReference = FA047A721F7D461F00822F35 /* TwoWayStopwatch iOS.app */;
			productType = "com.apple.product-type.application";
		};
		FA8A145F1F77DDBD00C11EEE /* TwoWayStopwatch Mac */ = {
			isa = PBXNativeTarget;
			buildConfigurationList = FA8A14731F77DDBD00C11EEE /* Build configuration list for PBXNativeTarget "TwoWayStopwatch Mac" */;
			buildPhases = (
				FA8A145C1F77DDBD00C11EEE /* Sources */,
				FA8A145D1F77DDBD00C11EEE /* Frameworks */,
				FA8A145E1F77DDBD00C11EEE /* Resources */,
				FAC353C01F7B22CA00F8703B /* Embed Frameworks */,
			);
			buildRules = (
			);
			dependencies = (
			);
			name = "TwoWayStopwatch Mac";
			productName = Stopwatch;
			productReference = FA8A14601F77DDBD00C11EEE /* Two Way Stopwatch.app */;
			productType = "com.apple.product-type.application";
		};
/* End PBXNativeTarget section */

/* Begin PBXProject section */
		FA8A14581F77DDBD00C11EEE /* Project object */ = {
			isa = PBXProject;
			attributes = {
				LastSwiftUpdateCheck = 0900;
				LastUpgradeCheck = 0900;
				ORGANIZATIONNAME = me;
				TargetAttributes = {
					FA047A711F7D461F00822F35 = {
						CreatedOnToolsVersion = 9.0;
						ProvisioningStyle = Automatic;
					};
					FA8A145F1F77DDBD00C11EEE = {
						CreatedOnToolsVersion = 9.0;
						ProvisioningStyle = Automatic;
						SystemCapabilities = {
							com.apple.Sandbox = {
								enabled = 1;
							};
						};
					};
				};
			};
			buildConfigurationList = FA8A145B1F77DDBD00C11EEE /* Build configuration list for PBXProject "TwoWayStopwatch" */;
			compatibilityVersion = "Xcode 8.0";
			developmentRegion = en;
			hasScannedForEncodings = 0;
			knownRegions = (
				en,
				Base,
			);
			mainGroup = FA8A14571F77DDBD00C11EEE;
			productRefGroup = FA8A14611F77DDBD00C11EEE /* Products */;
			projectDirPath = "";
			projectRoot = "";
			targets = (
				FA8A145F1F77DDBD00C11EEE /* TwoWayStopwatch Mac */,
				FA047A711F7D461F00822F35 /* TwoWayStopwatch iOS */,
			);
		};
/* End PBXProject section */

/* Begin PBXResourcesBuildPhase section */
		FA047A701F7D461F00822F35 /* Resources */ = {
			isa = PBXResourcesBuildPhase;
			buildActionMask = 2147483647;
			files = (
				FA047A7F1F7D461F00822F35 /* LaunchScreen.storyboard in Resources */,
				FAEB4B521F7F25D9002FCD4A /* twstopwatch.sqlite3 in Resources */,
				FAEB4B511F7F25D6002FCD4A /* Assets.xcassets in Resources */,
				FA047A7A1F7D461F00822F35 /* Main.storyboard in Resources */,
			);
			runOnlyForDeploymentPostprocessing = 0;
		};
		FA8A145E1F77DDBD00C11EEE /* Resources */ = {
			isa = PBXResourcesBuildPhase;
			buildActionMask = 2147483647;
			files = (
				FA6E77F51F7B88B800880181 /* twstopwatch.sqlite3 in Resources */,
				FA8A146B1F77DDBD00C11EEE /* Assets.xcassets in Resources */,
				FA8A146E1F77DDBD00C11EEE /* Main.storyboard in Resources */,
			);
			runOnlyForDeploymentPostprocessing = 0;
		};
/* End PBXResourcesBuildPhase section */

/* Begin PBXSourcesBuildPhase section */
		FA047A6E1F7D461F00822F35 /* Sources */ = {
			isa = PBXSourcesBuildPhase;
			buildActionMask = 2147483647;
			files = (
				FA3DC81B1F84D00A00B3AD1B /* UIKitUtil.swift in Sources */,
				FA047A771F7D461F00822F35 /* ViewController.swift in Sources */,
				FAEB4B501F7F25D2002FCD4A /* DataManager.swift in Sources */,
				FAEB4B4F1F7F25CF002FCD4A /* TimingController.swift in Sources */,
				FA047A751F7D461F00822F35 /* AppDelegate.swift in Sources */,
				FA64C3C61F7F29BB00E74D0B /* UUIDManager.swift in Sources */,
			);
			runOnlyForDeploymentPostprocessing = 0;
		};
		FA8A145C1F77DDBD00C11EEE /* Sources */ = {
			isa = PBXSourcesBuildPhase;
			buildActionMask = 2147483647;
			files = (
				FA3DC81A1F84D00A00B3AD1B /* UIKitUtil.swift in Sources */,
				FA8A14661F77DDBD00C11EEE /* ViewController.swift in Sources */,
				FAC353BC1F7A9B0D00F8703B /* DataManager.swift in Sources */,
				FA0A292B1F7D433B00F04150 /* TimingController.swift in Sources */,
				FA8A14641F77DDBD00C11EEE /* AppDelegate.swift in Sources */,
				FA64C3C51F7F29BB00E74D0B /* UUIDManager.swift in Sources */,
			);
			runOnlyForDeploymentPostprocessing = 0;
		};
/* End PBXSourcesBuildPhase section */

/* Begin PBXVariantGroup section */
		FA047A781F7D461F00822F35 /* Main.storyboard */ = {
			isa = PBXVariantGroup;
			children = (
				FA047A791F7D461F00822F35 /* Base */,
			);
			name = Main.storyboard;
			sourceTree = "<group>";
		};
		FA047A7D1F7D461F00822F35 /* LaunchScreen.storyboard */ = {
			isa = PBXVariantGroup;
			children = (
				FA047A7E1F7D461F00822F35 /* Base */,
			);
			name = LaunchScreen.storyboard;
			sourceTree = "<group>";
		};
		FA8A146C1F77DDBD00C11EEE /* Main.storyboard */ = {
			isa = PBXVariantGroup;
			children = (
				FA8A146D1F77DDBD00C11EEE /* Base */,
			);
			name = Main.storyboard;
			sourceTree = "<group>";
		};
/* End PBXVariantGroup section */

/* Begin XCBuildConfiguration section */
		FA047A821F7D461F00822F35 /* Debug */ = {
			isa = XCBuildConfiguration;
			buildSettings = {
				ASSETCATALOG_COMPILER_APPICON_NAME = "AppIcon-iOS";
				CODE_SIGN_IDENTITY = "iPhone Developer";
				CODE_SIGN_STYLE = Automatic;
				DEVELOPMENT_TEAM = XXK487QHW5;
				FRAMEWORK_SEARCH_PATHS = (
					"$(inherited)",
					"$(PROJECT_DIR)/Carthage/Build/iOS",
				);
				INFOPLIST_FILE = "Stopwatch-iOS/Info.plist";
				IPHONEOS_DEPLOYMENT_TARGET = 11.0;
				LD_RUNPATH_SEARCH_PATHS = "$(inherited) @executable_path/Frameworks";
				PRODUCT_BUNDLE_IDENTIFIER = "com.ruyven.TwoWayStopwatch-iOS";
				PRODUCT_NAME = "$(TARGET_NAME)";
				SDKROOT = iphoneos;
				SWIFT_VERSION = 4.0;
				TARGETED_DEVICE_FAMILY = "1,2";
			};
			name = Debug;
		};
		FA047A831F7D461F00822F35 /* Release */ = {
			isa = XCBuildConfiguration;
			buildSettings = {
				ASSETCATALOG_COMPILER_APPICON_NAME = "AppIcon-iOS";
				CODE_SIGN_IDENTITY = "iPhone Developer";
				CODE_SIGN_STYLE = Automatic;
				DEVELOPMENT_TEAM = XXK487QHW5;
				FRAMEWORK_SEARCH_PATHS = (
					"$(inherited)",
					"$(PROJECT_DIR)/Carthage/Build/iOS",
				);
				INFOPLIST_FILE = "Stopwatch-iOS/Info.plist";
				IPHONEOS_DEPLOYMENT_TARGET = 11.0;
				LD_RUNPATH_SEARCH_PATHS = "$(inherited) @executable_path/Frameworks";
				PRODUCT_BUNDLE_IDENTIFIER = "com.ruyven.TwoWayStopwatch-iOS";
				PRODUCT_NAME = "$(TARGET_NAME)";
				SDKROOT = iphoneos;
				SWIFT_VERSION = 4.0;
				TARGETED_DEVICE_FAMILY = "1,2";
				VALIDATE_PRODUCT = YES;
			};
			name = Release;
		};
		FA8A14711F77DDBD00C11EEE /* Debug */ = {
			isa = XCBuildConfiguration;
			buildSettings = {
				ALWAYS_SEARCH_USER_PATHS = NO;
				CLANG_ANALYZER_NONNULL = YES;
				CLANG_ANALYZER_NUMBER_OBJECT_CONVERSION = YES_AGGRESSIVE;
				CLANG_CXX_LANGUAGE_STANDARD = "gnu++14";
				CLANG_CXX_LIBRARY = "libc++";
				CLANG_ENABLE_MODULES = YES;
				CLANG_ENABLE_OBJC_ARC = YES;
				CLANG_WARN_BLOCK_CAPTURE_AUTORELEASING = YES;
				CLANG_WARN_BOOL_CONVERSION = YES;
				CLANG_WARN_COMMA = YES;
				CLANG_WARN_CONSTANT_CONVERSION = YES;
				CLANG_WARN_DIRECT_OBJC_ISA_USAGE = YES_ERROR;
				CLANG_WARN_DOCUMENTATION_COMMENTS = YES;
				CLANG_WARN_EMPTY_BODY = YES;
				CLANG_WARN_ENUM_CONVERSION = YES;
				CLANG_WARN_INFINITE_RECURSION = YES;
				CLANG_WARN_INT_CONVERSION = YES;
				CLANG_WARN_NON_LITERAL_NULL_CONVERSION = YES;
				CLANG_WARN_OBJC_LITERAL_CONVERSION = YES;
				CLANG_WARN_OBJC_ROOT_CLASS = YES_ERROR;
				CLANG_WARN_RANGE_LOOP_ANALYSIS = YES;
				CLANG_WARN_STRICT_PROTOTYPES = YES;
				CLANG_WARN_SUSPICIOUS_MOVE = YES;
				CLANG_WARN_UNGUARDED_AVAILABILITY = YES_AGGRESSIVE;
				CLANG_WARN_UNREACHABLE_CODE = YES;
				CLANG_WARN__DUPLICATE_METHOD_MATCH = YES;
				CODE_SIGN_IDENTITY = "Mac Developer";
				COPY_PHASE_STRIP = NO;
				DEBUG_INFORMATION_FORMAT = dwarf;
				ENABLE_STRICT_OBJC_MSGSEND = YES;
				ENABLE_TESTABILITY = YES;
				GCC_C_LANGUAGE_STANDARD = gnu11;
				GCC_DYNAMIC_NO_PIC = NO;
				GCC_NO_COMMON_BLOCKS = YES;
				GCC_OPTIMIZATION_LEVEL = 0;
				GCC_PREPROCESSOR_DEFINITIONS = (
					"DEBUG=1",
					"$(inherited)",
				);
				GCC_WARN_64_TO_32_BIT_CONVERSION = YES;
				GCC_WARN_ABOUT_RETURN_TYPE = YES_ERROR;
				GCC_WARN_UNDECLARED_SELECTOR = YES;
				GCC_WARN_UNINITIALIZED_AUTOS = YES_AGGRESSIVE;
				GCC_WARN_UNUSED_FUNCTION = YES;
				GCC_WARN_UNUSED_VARIABLE = YES;
				MACOSX_DEPLOYMENT_TARGET = 10.13;
				MTL_ENABLE_DEBUG_INFO = YES;
				ONLY_ACTIVE_ARCH = YES;
				SDKROOT = macosx;
				SWIFT_ACTIVE_COMPILATION_CONDITIONS = DEBUG;
				SWIFT_OPTIMIZATION_LEVEL = "-Onone";
			};
			name = Debug;
		};
		FA8A14721F77DDBD00C11EEE /* Release */ = {
			isa = XCBuildConfiguration;
			buildSettings = {
				ALWAYS_SEARCH_USER_PATHS = NO;
				CLANG_ANALYZER_NONNULL = YES;
				CLANG_ANALYZER_NUMBER_OBJECT_CONVERSION = YES_AGGRESSIVE;
				CLANG_CXX_LANGUAGE_STANDARD = "gnu++14";
				CLANG_CXX_LIBRARY = "libc++";
				CLANG_ENABLE_MODULES = YES;
				CLANG_ENABLE_OBJC_ARC = YES;
				CLANG_WARN_BLOCK_CAPTURE_AUTORELEASING = YES;
				CLANG_WARN_BOOL_CONVERSION = YES;
				CLANG_WARN_COMMA = YES;
				CLANG_WARN_CONSTANT_CONVERSION = YES;
				CLANG_WARN_DIRECT_OBJC_ISA_USAGE = YES_ERROR;
				CLANG_WARN_DOCUMENTATION_COMMENTS = YES;
				CLANG_WARN_EMPTY_BODY = YES;
				CLANG_WARN_ENUM_CONVERSION = YES;
				CLANG_WARN_INFINITE_RECURSION = YES;
				CLANG_WARN_INT_CONVERSION = YES;
				CLANG_WARN_NON_LITERAL_NULL_CONVERSION = YES;
				CLANG_WARN_OBJC_LITERAL_CONVERSION = YES;
				CLANG_WARN_OBJC_ROOT_CLASS = YES_ERROR;
				CLANG_WARN_RANGE_LOOP_ANALYSIS = YES;
				CLANG_WARN_STRICT_PROTOTYPES = YES;
				CLANG_WARN_SUSPICIOUS_MOVE = YES;
				CLANG_WARN_UNGUARDED_AVAILABILITY = YES_AGGRESSIVE;
				CLANG_WARN_UNREACHABLE_CODE = YES;
				CLANG_WARN__DUPLICATE_METHOD_MATCH = YES;
				CODE_SIGN_IDENTITY = "Mac Developer";
				COPY_PHASE_STRIP = NO;
				DEBUG_INFORMATION_FORMAT = "dwarf-with-dsym";
				ENABLE_NS_ASSERTIONS = NO;
				ENABLE_STRICT_OBJC_MSGSEND = YES;
				GCC_C_LANGUAGE_STANDARD = gnu11;
				GCC_NO_COMMON_BLOCKS = YES;
				GCC_WARN_64_TO_32_BIT_CONVERSION = YES;
				GCC_WARN_ABOUT_RETURN_TYPE = YES_ERROR;
				GCC_WARN_UNDECLARED_SELECTOR = YES;
				GCC_WARN_UNINITIALIZED_AUTOS = YES_AGGRESSIVE;
				GCC_WARN_UNUSED_FUNCTION = YES;
				GCC_WARN_UNUSED_VARIABLE = YES;
				MACOSX_DEPLOYMENT_TARGET = 10.13;
				MTL_ENABLE_DEBUG_INFO = NO;
				SDKROOT = macosx;
				SWIFT_OPTIMIZATION_LEVEL = "-Owholemodule";
			};
			name = Release;
		};
		FA8A14741F77DDBD00C11EEE /* Debug */ = {
			isa = XCBuildConfiguration;
			buildSettings = {
				ASSETCATALOG_COMPILER_APPICON_NAME = "AppIcon-macOS";
				CODE_SIGN_ENTITLEMENTS = "TwoWayStopwatch Mac.entitlements";
				CODE_SIGN_STYLE = Automatic;
				COMBINE_HIDPI_IMAGES = YES;
				DEVELOPMENT_TEAM = XXK487QHW5;
				FRAMEWORK_SEARCH_PATHS = (
					"$(inherited)",
					"$(PROJECT_DIR)/Carthage/Build/Mac",
				);
				INFOPLIST_FILE = "Stopwatch-macOS/Info.plist";
				LD_RUNPATH_SEARCH_PATHS = "$(inherited) @executable_path/../Frameworks";
				PRODUCT_BUNDLE_IDENTIFIER = com.ruyven.TwoWayStopwatch;
				PRODUCT_NAME = "Two Way Stopwatch";
				SWIFT_VERSION = 4.0;
			};
			name = Debug;
		};
		FA8A14751F77DDBD00C11EEE /* Release */ = {
			isa = XCBuildConfiguration;
			buildSettings = {
				ASSETCATALOG_COMPILER_APPICON_NAME = "AppIcon-macOS";
				CODE_SIGN_ENTITLEMENTS = "TwoWayStopwatch Mac.entitlements";
				CODE_SIGN_STYLE = Automatic;
				COMBINE_HIDPI_IMAGES = YES;
				DEVELOPMENT_TEAM = XXK487QHW5;
				FRAMEWORK_SEARCH_PATHS = (
					"$(inherited)",
					"$(PROJECT_DIR)/Carthage/Build/Mac",
				);
				INFOPLIST_FILE = "Stopwatch-macOS/Info.plist";
				LD_RUNPATH_SEARCH_PATHS = "$(inherited) @executable_path/../Frameworks";
				PRODUCT_BUNDLE_IDENTIFIER = com.ruyven.TwoWayStopwatch;
				PRODUCT_NAME = "Two Way Stopwatch";
				SWIFT_VERSION = 4.0;
			};
			name = Release;
		};
/* End XCBuildConfiguration section */

/* Begin XCConfigurationList section */
		FA047A811F7D461F00822F35 /* Build configuration list for PBXNativeTarget "TwoWayStopwatch iOS" */ = {
			isa = XCConfigurationList;
			buildConfigurations = (
				FA047A821F7D461F00822F35 /* Debug */,
				FA047A831F7D461F00822F35 /* Release */,
			);
			defaultConfigurationIsVisible = 0;
			defaultConfigurationName = Release;
		};
		FA8A145B1F77DDBD00C11EEE /* Build configuration list for PBXProject "TwoWayStopwatch" */ = {
			isa = XCConfigurationList;
			buildConfigurations = (
				FA8A14711F77DDBD00C11EEE /* Debug */,
				FA8A14721F77DDBD00C11EEE /* Release */,
			);
			defaultConfigurationIsVisible = 0;
			defaultConfigurationName = Release;
		};
		FA8A14731F77DDBD00C11EEE /* Build configuration list for PBXNativeTarget "TwoWayStopwatch Mac" */ = {
			isa = XCConfigurationList;
			buildConfigurations = (
				FA8A14741F77DDBD00C11EEE /* Debug */,
				FA8A14751F77DDBD00C11EEE /* Release */,
			);
			defaultConfigurationIsVisible = 0;
			defaultConfigurationName = Release;
		};
/* End XCConfigurationList section */
	};
	rootObject = FA8A14581F77DDBD00C11EEE /* Project object */;
}
